
Microsoft Visual Studio Solution File, Format Version 12.00
# Visual Studio Version 17
VisualStudioVersion = 17.9.34728.123
MinimumVisualStudioVersion = 10.0.40219.1
Project("{FAE04EC0-301F-11D3-BF4B-00C04F79EFBC}") = "TodoList2", "TodoList2.csproj", "{1B1BDB2F-49A1-4F0F-848F-43BFB37E7743}"
EndProject
Global
	GlobalSection(SolutionConfigurationPlatforms) = preSolution
		Debug|Any CPU = Debug|Any CPU
		Release|Any CPU = Release|Any CPU
	EndGlobalSection
	GlobalSection(ProjectConfigurationPlatforms) = postSolution
		{1B1BDB2F-49A1-4F0F-848F-43BFB37E7743}.Debug|Any CPU.ActiveCfg = Debug|Any CPU
		{1B1BDB2F-49A1-4F0F-848F-43BFB37E7743}.Debug|Any CPU.Build.0 = Debug|Any CPU
		{1B1BDB2F-49A1-4F0F-848F-43BFB37E7743}.Release|Any CPU.ActiveCfg = Release|Any CPU
		{1B1BDB2F-49A1-4F0F-848F-43BFB37E7743}.Release|Any CPU.Build.0 = Release|Any CPU
	EndGlobalSection
	GlobalSection(SolutionProperties) = preSolution
		HideSolutionNode = FALSE
	EndGlobalSection
	GlobalSection(ExtensibilityGlobals) = postSolution
		SolutionGuid = {8948AD65-B87D-4994-9714-2939AA467291}
	EndGlobalSection
EndGlobal
